
Microsoft Visual Studio Solution File, Format Version 12.00
# Visual Studio Version 17
VisualStudioVersion = 17.0.31903.59
MinimumVisualStudioVersion = 10.0.40219.1
Project("{8BC9CEB8-8B4A-11D0-8D11-00A0C91BC942}") = "laba7_1", "laba7_1\laba7_1.vcxproj", "{4FB4A81F-263A-43D4-B105-AD6512118691}"
EndProject
Global
	GlobalSection(SolutionConfigurationPlatforms) = preSolution
		Debug|x64 = Debug|x64
		Debug|x86 = Debug|x86
		Release|x64 = Release|x64
		Release|x86 = Release|x86
	EndGlobalSection
	GlobalSection(ProjectConfigurationPlatforms) = postSolution
		{4FB4A81F-263A-43D4-B105-AD6512118691}.Debug|x64.ActiveCfg = Debug|x64
		{4FB4A81F-263A-43D4-B105-AD6512118691}.Debug|x64.Build.0 = Debug|x64
		{4FB4A81F-263A-43D4-B105-AD6512118691}.Debug|x86.ActiveCfg = Debug|Win32
		{4FB4A81F-263A-43D4-B105-AD6512118691}.Debug|x86.Build.0 = Debug|Win32
		{4FB4A81F-263A-43D4-B105-AD6512118691}.Release|x64.ActiveCfg = Release|x64
		{4FB4A81F-263A-43D4-B105-AD6512118691}.Release|x64.Build.0 = Release|x64
		{4FB4A81F-263A-43D4-B105-AD6512118691}.Release|x86.ActiveCfg = Release|Win32
		{4FB4A81F-263A-43D4-B105-AD6512118691}.Release|x86.Build.0 = Release|Win32
	EndGlobalSection
	GlobalSection(SolutionProperties) = preSolution
		HideSolutionNode = FALSE
	EndGlobalSection
	GlobalSection(ExtensibilityGlobals) = postSolution
		SolutionGuid = {FD0EC005-F854-4253-B028-708392EAB8CC}
	EndGlobalSection
EndGlobal
