
Microsoft Visual Studio Solution File, Format Version 12.00
# Visual Studio Version 17
VisualStudioVersion = 17.0.31919.166
MinimumVisualStudioVersion = 10.0.40219.1
Project("{FAE04EC0-301F-11D3-BF4B-00C04F79EFBC}") = "l_6_C", "l_6_C\l_6_C.csproj", "{BD4E1A76-CD3D-4422-B07B-0B0839D24D9E}"
EndProject
Global
	GlobalSection(SolutionConfigurationPlatforms) = preSolution
		Debug|Any CPU = Debug|Any CPU
		Release|Any CPU = Release|Any CPU
	EndGlobalSection
	GlobalSection(ProjectConfigurationPlatforms) = postSolution
		{BD4E1A76-CD3D-4422-B07B-0B0839D24D9E}.Debug|Any CPU.ActiveCfg = Debug|Any CPU
		{BD4E1A76-CD3D-4422-B07B-0B0839D24D9E}.Debug|Any CPU.Build.0 = Debug|Any CPU
		{BD4E1A76-CD3D-4422-B07B-0B0839D24D9E}.Release|Any CPU.ActiveCfg = Release|Any CPU
		{BD4E1A76-CD3D-4422-B07B-0B0839D24D9E}.Release|Any CPU.Build.0 = Release|Any CPU
	EndGlobalSection
	GlobalSection(SolutionProperties) = preSolution
		HideSolutionNode = FALSE
	EndGlobalSection
	GlobalSection(ExtensibilityGlobals) = postSolution
		SolutionGuid = {2F2ED98D-B4AF-4C4C-B137-97F315F9899C}
	EndGlobalSection
EndGlobal
